// !$*UTF8*$!
{
	archiveVersion = 1;
	classes = {
	};
	objectVersion = 55;
	objects = {

/* Begin PBXBuildFile section */
		288DC6E0C9179FCC9D7FDF90 /* Pods_RakuItibaAPICollectionAPP.framework in Frameworks */ = {isa = PBXBuildFile; fileRef = 07337092A770878558326128 /* Pods_RakuItibaAPICollectionAPP.framework */; };
		5419C59F274547FA00EF446A /* AppDelegate.swift in Sources */ = {isa = PBXBuildFile; fileRef = 5419C59E274547FA00EF446A /* AppDelegate.swift */; };
		5419C5A1274547FA00EF446A /* SceneDelegate.swift in Sources */ = {isa = PBXBuildFile; fileRef = 5419C5A0274547FA00EF446A /* SceneDelegate.swift */; };
		5419C5A3274547FA00EF446A /* ViewController.swift in Sources */ = {isa = PBXBuildFile; fileRef = 5419C5A2274547FA00EF446A /* ViewController.swift */; };
		5419C5A6274547FA00EF446A /* Main.storyboard in Resources */ = {isa = PBXBuildFile; fileRef = 5419C5A4274547FA00EF446A /* Main.storyboard */; };
		5419C5A8274547FC00EF446A /* Assets.xcassets in Resources */ = {isa = PBXBuildFile; fileRef = 5419C5A7274547FC00EF446A /* Assets.xcassets */; };
		5419C5AB274547FC00EF446A /* LaunchScreen.storyboard in Resources */ = {isa = PBXBuildFile; fileRef = 5419C5A9274547FC00EF446A /* LaunchScreen.storyboard */; };
		5419C5B727454ACD00EF446A /* ResultItemListCell.swift in Sources */ = {isa = PBXBuildFile; fileRef = 5419C5B527454ACD00EF446A /* ResultItemListCell.swift */; };
		5419C5B827454ACD00EF446A /* ResultItemListCell.xib in Resources */ = {isa = PBXBuildFile; fileRef = 5419C5B627454ACD00EF446A /* ResultItemListCell.xib */; };
/* End PBXBuildFile section */

/* Begin PBXFileReference section */
		07337092A770878558326128 /* Pods_RakuItibaAPICollectionAPP.framework */ = {isa = PBXFileReference; explicitFileType = wrapper.framework; includeInIndex = 0; path = Pods_RakuItibaAPICollectionAPP.framework; sourceTree = BUILT_PRODUCTS_DIR; };
		5419C59B274547FA00EF446A /* RakuItibaAPICollectionAPP.app */ = {isa = PBXFileReference; explicitFileType = wrapper.application; includeInIndex = 0; path = RakuItibaAPICollectionAPP.app; sourceTree = BUILT_PRODUCTS_DIR; };
		5419C59E274547FA00EF446A /* AppDelegate.swift */ = {isa = PBXFileReference; lastKnownFileType = sourcecode.swift; path = AppDelegate.swift; sourceTree = "<group>"; };
		5419C5A0274547FA00EF446A /* SceneDelegate.swift */ = {isa = PBXFileReference; lastKnownFileType = sourcecode.swift; path = SceneDelegate.swift; sourceTree = "<group>"; };
		5419C5A2274547FA00EF446A /* ViewController.swift */ = {isa = PBXFileReference; lastKnownFileType = sourcecode.swift; path = ViewController.swift; sourceTree = "<group>"; };
		5419C5A5274547FA00EF446A /* Base */ = {isa = PBXFileReference; lastKnownFileType = file.storyboard; name = Base; path = Base.lproj/Main.storyboard; sourceTree = "<group>"; };
		5419C5A7274547FC00EF446A /* Assets.xcassets */ = {isa = PBXFileReference; lastKnownFileType = folder.assetcatalog; path = Assets.xcassets; sourceTree = "<group>"; };
		5419C5AA274547FC00EF446A /* Base */ = {isa = PBXFileReference; lastKnownFileType = file.storyboard; name = Base; path = Base.lproj/LaunchScreen.storyboard; sourceTree = "<group>"; };
		5419C5AC274547FC00EF446A /* Info.plist */ = {isa = PBXFileReference; lastKnownFileType = text.plist.xml; path = Info.plist; sourceTree = "<group>"; };
		5419C5B527454ACD00EF446A /* ResultItemListCell.swift */ = {isa = PBXFileReference; lastKnownFileType = sourcecode.swift; path = ResultItemListCell.swift; sourceTree = "<group>"; };
		5419C5B627454ACD00EF446A /* ResultItemListCell.xib */ = {isa = PBXFileReference; lastKnownFileType = file.xib; path = ResultItemListCell.xib; sourceTree = "<group>"; };
		A2F4D8AE16A700CC64010F95 /* Pods-RakuItibaAPICollectionAPP.debug.xcconfig */ = {isa = PBXFileReference; includeInIndex = 1; lastKnownFileType = text.xcconfig; name = "Pods-RakuItibaAPICollectionAPP.debug.xcconfig"; path = "Target Support Files/Pods-RakuItibaAPICollectionAPP/Pods-RakuItibaAPICollectionAPP.debug.xcconfig"; sourceTree = "<group>"; };
		AB74D4E84FCD9A42F44365DD /* Pods-RakuItibaAPICollectionAPP.release.xcconfig */ = {isa = PBXFileReference; includeInIndex = 1; lastKnownFileType = text.xcconfig; name = "Pods-RakuItibaAPICollectionAPP.release.xcconfig"; path = "Target Support Files/Pods-RakuItibaAPICollectionAPP/Pods-RakuItibaAPICollectionAPP.release.xcconfig"; sourceTree = "<group>"; };
/* End PBXFileReference section */

/* Begin PBXFrameworksBuildPhase section */
		5419C598274547FA00EF446A /* Frameworks */ = {
			isa = PBXFrameworksBuildPhase;
			buildActionMask = 2147483647;
			files = (
				288DC6E0C9179FCC9D7FDF90 /* Pods_RakuItibaAPICollectionAPP.framework in Frameworks */,
			);
			runOnlyForDeploymentPostprocessing = 0;
		};
/* End PBXFrameworksBuildPhase section */

/* Begin PBXGroup section */
		4148E907EF55FF0D0252DA88 /* Pods */ = {
			isa = PBXGroup;
			children = (
				A2F4D8AE16A700CC64010F95 /* Pods-RakuItibaAPICollectionAPP.debug.xcconfig */,
				AB74D4E84FCD9A42F44365DD /* Pods-RakuItibaAPICollectionAPP.release.xcconfig */,
			);
			path = Pods;
			sourceTree = "<group>";
		};
		48C40366CAC6ED59A178771B /* Frameworks */ = {
			isa = PBXGroup;
			children = (
				07337092A770878558326128 /* Pods_RakuItibaAPICollectionAPP.framework */,
			);
			name = Frameworks;
			sourceTree = "<group>";
		};
		5419C592274547FA00EF446A = {
			isa = PBXGroup;
			children = (
				5419C59D274547FA00EF446A /* RakuItibaAPICollectionAPP */,
				5419C59C274547FA00EF446A /* Products */,
				4148E907EF55FF0D0252DA88 /* Pods */,
				48C40366CAC6ED59A178771B /* Frameworks */,
			);
			sourceTree = "<group>";
		};
		5419C59C274547FA00EF446A /* Products */ = {
			isa = PBXGroup;
			children = (
				5419C59B274547FA00EF446A /* RakuItibaAPICollectionAPP.app */,
			);
			name = Products;
			sourceTree = "<group>";
		};
		5419C59D274547FA00EF446A /* RakuItibaAPICollectionAPP */ = {
			isa = PBXGroup;
			children = (
				5419C59E274547FA00EF446A /* AppDelegate.swift */,
				5419C5A0274547FA00EF446A /* SceneDelegate.swift */,
				5419C5B4274549DF00EF446A /* Model */,
				5419C5B3274549DB00EF446A /* View */,
				5419C5B2274549C700EF446A /* Controller */,
				5419C5A2274547FA00EF446A /* ViewController.swift */,
				5419C5A4274547FA00EF446A /* Main.storyboard */,
				5419C5A7274547FC00EF446A /* Assets.xcassets */,
				5419C5A9274547FC00EF446A /* LaunchScreen.storyboard */,
				5419C5AC274547FC00EF446A /* Info.plist */,
				5419C5B527454ACD00EF446A /* ResultItemListCell.swift */,
				5419C5B627454ACD00EF446A /* ResultItemListCell.xib */,
			);
			path = RakuItibaAPICollectionAPP;
			sourceTree = "<group>";
		};
		5419C5B2274549C700EF446A /* Controller */ = {
			isa = PBXGroup;
			children = (
			);
			path = Controller;
			sourceTree = "<group>";
		};
		5419C5B3274549DB00EF446A /* View */ = {
			isa = PBXGroup;
			children = (
			);
			path = View;
			sourceTree = "<group>";
		};
		5419C5B4274549DF00EF446A /* Model */ = {
			isa = PBXGroup;
			children = (
			);
			path = Model;
			sourceTree = "<group>";
		};
/* End PBXGroup section */

/* Begin PBXNativeTarget section */
		5419C59A274547FA00EF446A /* RakuItibaAPICollectionAPP */ = {
			isa = PBXNativeTarget;
			buildConfigurationList = 5419C5AF274547FC00EF446A /* Build configuration list for PBXNativeTarget "RakuItibaAPICollectionAPP" */;
			buildPhases = (
				9BCCED9EED0ADF03F9EF32D1 /* [CP] Check Pods Manifest.lock */,
				5419C597274547FA00EF446A /* Sources */,
				5419C598274547FA00EF446A /* Frameworks */,
				5419C599274547FA00EF446A /* Resources */,
				8611C9D6E51E8A223C19681A /* [CP] Embed Pods Frameworks */,
			);
			buildRules = (
			);
			dependencies = (
			);
			name = RakuItibaAPICollectionAPP;
			productName = RakuItibaAPICollectionAPP;
			productReference = 5419C59B274547FA00EF446A /* RakuItibaAPICollectionAPP.app */;
			productType = "com.apple.product-type.application";
		};
/* End PBXNativeTarget section */

/* Begin PBXProject section */
		5419C593274547FA00EF446A /* Project object */ = {
			isa = PBXProject;
			attributes = {
				BuildIndependentTargetsInParallel = 1;
				LastSwiftUpdateCheck = 1310;
				LastUpgradeCheck = 1310;
				TargetAttributes = {
					5419C59A274547FA00EF446A = {
						CreatedOnToolsVersion = 13.1;
					};
				};
			};
			buildConfigurationList = 5419C596274547FA00EF446A /* Build configuration list for PBXProject "RakuItibaAPICollectionAPP" */;
			compatibilityVersion = "Xcode 13.0";
			developmentRegion = en;
			hasScannedForEncodings = 0;
			knownRegions = (
				en,
				Base,
			);
			mainGroup = 5419C592274547FA00EF446A;
			productRefGroup = 5419C59C274547FA00EF446A /* Products */;
			projectDirPath = "";
			projectRoot = "";
			targets = (
				5419C59A274547FA00EF446A /* RakuItibaAPICollectionAPP */,
			);
		};
/* End PBXProject section */

/* Begin PBXResourcesBuildPhase section */
		5419C599274547FA00EF446A /* Resources */ = {
			isa = PBXResourcesBuildPhase;
			buildActionMask = 2147483647;
			files = (
				5419C5AB274547FC00EF446A /* LaunchScreen.storyboard in Resources */,
				5419C5B827454ACD00EF446A /* ResultItemListCell.xib in Resources */,
				5419C5A8274547FC00EF446A /* Assets.xcassets in Resources */,
				5419C5A6274547FA00EF446A /* Main.storyboard in Resources */,
			);
			runOnlyForDeploymentPostprocessing = 0;
		};
/* End PBXResourcesBuildPhase section */

/* Begin PBXShellScriptBuildPhase section */
		8611C9D6E51E8A223C19681A /* [CP] Embed Pods Frameworks */ = {
			isa = PBXShellScriptBuildPhase;
			buildActionMask = 2147483647;
			files = (
			);
			inputFileListPaths = (
				"${PODS_ROOT}/Target Support Files/Pods-RakuItibaAPICollectionAPP/Pods-RakuItibaAPICollectionAPP-frameworks-${CONFIGURATION}-input-files.xcfilelist",
			);
			name = "[CP] Embed Pods Frameworks";
			outputFileListPaths = (
				"${PODS_ROOT}/Target Support Files/Pods-RakuItibaAPICollectionAPP/Pods-RakuItibaAPICollectionAPP-frameworks-${CONFIGURATION}-output-files.xcfilelist",
			);
			runOnlyForDeploymentPostprocessing = 0;
			shellPath = /bin/sh;
			shellScript = "\"${PODS_ROOT}/Target Support Files/Pods-RakuItibaAPICollectionAPP/Pods-RakuItibaAPICollectionAPP-frameworks.sh\"\n";
			showEnvVarsInLog = 0;
		};
		9BCCED9EED0ADF03F9EF32D1 /* [CP] Check Pods Manifest.lock */ = {
			isa = PBXShellScriptBuildPhase;
			buildActionMask = 2147483647;
			files = (
			);
			inputFileListPaths = (
			);
			inputPaths = (
				"${PODS_PODFILE_DIR_PATH}/Podfile.lock",
				"${PODS_ROOT}/Manifest.lock",
			);
			name = "[CP] Check Pods Manifest.lock";
			outputFileListPaths = (
			);
			outputPaths = (
				"$(DERIVED_FILE_DIR)/Pods-RakuItibaAPICollectionAPP-checkManifestLockResult.txt",
			);
			runOnlyForDeploymentPostprocessing = 0;
			shellPath = /bin/sh;
			shellScript = "diff \"${PODS_PODFILE_DIR_PATH}/Podfile.lock\" \"${PODS_ROOT}/Manifest.lock\" > /dev/null\nif [ $? != 0 ] ; then\n    # print error to STDERR\n    echo \"error: The sandbox is not in sync with the Podfile.lock. Run 'pod install' or update your CocoaPods installation.\" >&2\n    exit 1\nfi\n# This output is used by Xcode 'outputs' to avoid re-running this script phase.\necho \"SUCCESS\" > \"${SCRIPT_OUTPUT_FILE_0}\"\n";
			showEnvVarsInLog = 0;
		};
/* End PBXShellScriptBuildPhase section */

/* Begin PBXSourcesBuildPhase section */
		5419C597274547FA00EF446A /* Sources */ = {
			isa = PBXSourcesBuildPhase;
			buildActionMask = 2147483647;
			files = (
				5419C5A3274547FA00EF446A /* ViewController.swift in Sources */,
				5419C5B727454ACD00EF446A /* ResultItemListCell.swift in Sources */,
				5419C59F274547FA00EF446A /* AppDelegate.swift in Sources */,
				5419C5A1274547FA00EF446A /* SceneDelegate.swift in Sources */,
			);
			runOnlyForDeploymentPostprocessing = 0;
		};
/* End PBXSourcesBuildPhase section */

/* Begin PBXVariantGroup section */
		5419C5A4274547FA00EF446A /* Main.storyboard */ = {
			isa = PBXVariantGroup;
			children = (
				5419C5A5274547FA00EF446A /* Base */,
			);
			name = Main.storyboard;
			sourceTree = "<group>";
		};
		5419C5A9274547FC00EF446A /* LaunchScreen.storyboard */ = {
			isa = PBXVariantGroup;
			children = (
				5419C5AA274547FC00EF446A /* Base */,
			);
			name = LaunchScreen.storyboard;
			sourceTree = "<group>";
		};
/* End PBXVariantGroup section */

/* Begin XCBuildConfiguration section */
		5419C5AD274547FC00EF446A /* Debug */ = {
			isa = XCBuildConfiguration;
			buildSettings = {
				ALWAYS_SEARCH_USER_PATHS = NO;
				CLANG_ANALYZER_NONNULL = YES;
				CLANG_ANALYZER_NUMBER_OBJECT_CONVERSION = YES_AGGRESSIVE;
				CLANG_CXX_LANGUAGE_STANDARD = "gnu++17";
				CLANG_CXX_LIBRARY = "libc++";
				CLANG_ENABLE_MODULES = YES;
				CLANG_ENABLE_OBJC_ARC = YES;
				CLANG_ENABLE_OBJC_WEAK = YES;
				CLANG_WARN_BLOCK_CAPTURE_AUTORELEASING = YES;
				CLANG_WARN_BOOL_CONVERSION = YES;
				CLANG_WARN_COMMA = YES;
				CLANG_WARN_CONSTANT_CONVERSION = YES;
				CLANG_WARN_DEPRECATED_OBJC_IMPLEMENTATIONS = YES;
				CLANG_WARN_DIRECT_OBJC_ISA_USAGE = YES_ERROR;
				CLANG_WARN_DOCUMENTATION_COMMENTS = YES;
				CLANG_WARN_EMPTY_BODY = YES;
				CLANG_WARN_ENUM_CONVERSION = YES;
				CLANG_WARN_INFINITE_RECURSION = YES;
				CLANG_WARN_INT_CONVERSION = YES;
				CLANG_WARN_NON_LITERAL_NULL_CONVERSION = YES;
				CLANG_WARN_OBJC_IMPLICIT_RETAIN_SELF = YES;
				CLANG_WARN_OBJC_LITERAL_CONVERSION = YES;
				CLANG_WARN_OBJC_ROOT_CLASS = YES_ERROR;
				CLANG_WARN_QUOTED_INCLUDE_IN_FRAMEWORK_HEADER = YES;
				CLANG_WARN_RANGE_LOOP_ANALYSIS = YES;
				CLANG_WARN_STRICT_PROTOTYPES = YES;
				CLANG_WARN_SUSPICIOUS_MOVE = YES;
				CLANG_WARN_UNGUARDED_AVAILABILITY = YES_AGGRESSIVE;
				CLANG_WARN_UNREACHABLE_CODE = YES;
				CLANG_WARN__DUPLICATE_METHOD_MATCH = YES;
				COPY_PHASE_STRIP = NO;
				DEBUG_INFORMATION_FORMAT = dwarf;
				ENABLE_STRICT_OBJC_MSGSEND = YES;
				ENABLE_TESTABILITY = YES;
				GCC_C_LANGUAGE_STANDARD = gnu11;
				GCC_DYNAMIC_NO_PIC = NO;
				GCC_NO_COMMON_BLOCKS = YES;
				GCC_OPTIMIZATION_LEVEL = 0;
				GCC_PREPROCESSOR_DEFINITIONS = (
					"DEBUG=1",
					"$(inherited)",
				);
				GCC_WARN_64_TO_32_BIT_CONVERSION = YES;
				GCC_WARN_ABOUT_RETURN_TYPE = YES_ERROR;
				GCC_WARN_UNDECLARED_SELECTOR = YES;
				GCC_WARN_UNINITIALIZED_AUTOS = YES_AGGRESSIVE;
				GCC_WARN_UNUSED_FUNCTION = YES;
				GCC_WARN_UNUSED_VARIABLE = YES;
				IPHONEOS_DEPLOYMENT_TARGET = 15.0;
				MTL_ENABLE_DEBUG_INFO = INCLUDE_SOURCE;
				MTL_FAST_MATH = YES;
				ONLY_ACTIVE_ARCH = YES;
				SDKROOT = iphoneos;
				SWIFT_ACTIVE_COMPILATION_CONDITIONS = DEBUG;
				SWIFT_OPTIMIZATION_LEVEL = "-Onone";
			};
			name = Debug;
		};
		5419C5AE274547FC00EF446A /* Release */ = {
			isa = XCBuildConfiguration;
			buildSettings = {
				ALWAYS_SEARCH_USER_PATHS = NO;
				CLANG_ANALYZER_NONNULL = YES;
				CLANG_ANALYZER_NUMBER_OBJECT_CONVERSION = YES_AGGRESSIVE;
				CLANG_CXX_LANGUAGE_STANDARD = "gnu++17";
				CLANG_CXX_LIBRARY = "libc++";
				CLANG_ENABLE_MODULES = YES;
				CLANG_ENABLE_OBJC_ARC = YES;
				CLANG_ENABLE_OBJC_WEAK = YES;
				CLANG_WARN_BLOCK_CAPTURE_AUTORELEASING = YES;
				CLANG_WARN_BOOL_CONVERSION = YES;
				CLANG_WARN_COMMA = YES;
				CLANG_WARN_CONSTANT_CONVERSION = YES;
				CLANG_WARN_DEPRECATED_OBJC_IMPLEMENTATIONS = YES;
				CLANG_WARN_DIRECT_OBJC_ISA_USAGE = YES_ERROR;
				CLANG_WARN_DOCUMENTATION_COMMENTS = YES;
				CLANG_WARN_EMPTY_BODY = YES;
				CLANG_WARN_ENUM_CONVERSION = YES;
				CLANG_WARN_INFINITE_RECURSION = YES;
				CLANG_WARN_INT_CONVERSION = YES;
				CLANG_WARN_NON_LITERAL_NULL_CONVERSION = YES;
				CLANG_WARN_OBJC_IMPLICIT_RETAIN_SELF = YES;
				CLANG_WARN_OBJC_LITERAL_CONVERSION = YES;
				CLANG_WARN_OBJC_ROOT_CLASS = YES_ERROR;
				CLANG_WARN_QUOTED_INCLUDE_IN_FRAMEWORK_HEADER = YES;
				CLANG_WARN_RANGE_LOOP_ANALYSIS = YES;
				CLANG_WARN_STRICT_PROTOTYPES = YES;
				CLANG_WARN_SUSPICIOUS_MOVE = YES;
				CLANG_WARN_UNGUARDED_AVAILABILITY = YES_AGGRESSIVE;
				CLANG_WARN_UNREACHABLE_CODE = YES;
				CLANG_WARN__DUPLICATE_METHOD_MATCH = YES;
				COPY_PHASE_STRIP = NO;
				DEBUG_INFORMATION_FORMAT = "dwarf-with-dsym";
				ENABLE_NS_ASSERTIONS = NO;
				ENABLE_STRICT_OBJC_MSGSEND = YES;
				GCC_C_LANGUAGE_STANDARD = gnu11;
				GCC_NO_COMMON_BLOCKS = YES;
				GCC_WARN_64_TO_32_BIT_CONVERSION = YES;
				GCC_WARN_ABOUT_RETURN_TYPE = YES_ERROR;
				GCC_WARN_UNDECLARED_SELECTOR = YES;
				GCC_WARN_UNINITIALIZED_AUTOS = YES_AGGRESSIVE;
				GCC_WARN_UNUSED_FUNCTION = YES;
				GCC_WARN_UNUSED_VARIABLE = YES;
				IPHONEOS_DEPLOYMENT_TARGET = 15.0;
				MTL_ENABLE_DEBUG_INFO = NO;
				MTL_FAST_MATH = YES;
				SDKROOT = iphoneos;
				SWIFT_COMPILATION_MODE = wholemodule;
				SWIFT_OPTIMIZATION_LEVEL = "-O";
				VALIDATE_PRODUCT = YES;
			};
			name = Release;
		};
		5419C5B0274547FC00EF446A /* Debug */ = {
			isa = XCBuildConfiguration;
			baseConfigurationReference = A2F4D8AE16A700CC64010F95 /* Pods-RakuItibaAPICollectionAPP.debug.xcconfig */;
			buildSettings = {
				ASSETCATALOG_COMPILER_APPICON_NAME = AppIcon;
				ASSETCATALOG_COMPILER_GLOBAL_ACCENT_COLOR_NAME = AccentColor;
				CODE_SIGN_STYLE = Automatic;
				CURRENT_PROJECT_VERSION = 1;
				GENERATE_INFOPLIST_FILE = YES;
				INFOPLIST_FILE = RakuItibaAPICollectionAPP/Info.plist;
				INFOPLIST_KEY_UIApplicationSupportsIndirectInputEvents = YES;
				INFOPLIST_KEY_UILaunchStoryboardName = LaunchScreen;
				INFOPLIST_KEY_UIMainStoryboardFile = Main;
				INFOPLIST_KEY_UISupportedInterfaceOrientations = UIInterfaceOrientationPortrait;
				INFOPLIST_KEY_UISupportedInterfaceOrientations_iPad = "UIInterfaceOrientationPortrait UIInterfaceOrientationPortraitUpsideDown UIInterfaceOrientationLandscapeLeft UIInterfaceOrientationLandscapeRight";
				INFOPLIST_KEY_UISupportedInterfaceOrientations_iPhone = "UIInterfaceOrientationPortrait UIInterfaceOrientationLandscapeLeft UIInterfaceOrientationLandscapeRight";
				LD_RUNPATH_SEARCH_PATHS = (
					"$(inherited)",
					"@executable_path/Frameworks",
				);
				MARKETING_VERSION = 1.0;
				PRODUCT_BUNDLE_IDENTIFIER = com.RakuItibaAPICollection.RakuItibaAPICollectionAPP;
				PRODUCT_NAME = "$(TARGET_NAME)";
				SWIFT_EMIT_LOC_STRINGS = YES;
				SWIFT_VERSION = 5.0;
				TARGETED_DEVICE_FAMILY = 1;
			};
			name = Debug;
		};
		5419C5B1274547FC00EF446A /* Release */ = {
			isa = XCBuildConfiguration;
			baseConfigurationReference = AB74D4E84FCD9A42F44365DD /* Pods-RakuItibaAPICollectionAPP.release.xcconfig */;
			buildSettings = {
				ASSETCATALOG_COMPILER_APPICON_NAME = AppIcon;
				ASSETCATALOG_COMPILER_GLOBAL_ACCENT_COLOR_NAME = AccentColor;
				CODE_SIGN_STYLE = Automatic;
				CURRENT_PROJECT_VERSION = 1;
				GENERATE_INFOPLIST_FILE = YES;
				INFOPLIST_FILE = RakuItibaAPICollectionAPP/Info.plist;
				INFOPLIST_KEY_UIApplicationSupportsIndirectInputEvents = YES;
				INFOPLIST_KEY_UILaunchStoryboardName = LaunchScreen;
				INFOPLIST_KEY_UIMainStoryboardFile = Main;
				INFOPLIST_KEY_UISupportedInterfaceOrientations = UIInterfaceOrientationPortrait;
				INFOPLIST_KEY_UISupportedInterfaceOrientations_iPad = "UIInterfaceOrientationPortrait UIInterfaceOrientationPortraitUpsideDown UIInterfaceOrientationLandscapeLeft UIInterfaceOrientationLandscapeRight";
				INFOPLIST_KEY_UISupportedInterfaceOrientations_iPhone = "UIInterfaceOrientationPortrait UIInterfaceOrientationLandscapeLeft UIInterfaceOrientationLandscapeRight";
				LD_RUNPATH_SEARCH_PATHS = (
					"$(inherited)",
					"@executable_path/Frameworks",
				);
				MARKETING_VERSION = 1.0;
				PRODUCT_BUNDLE_IDENTIFIER = com.RakuItibaAPICollection.RakuItibaAPICollectionAPP;
				PRODUCT_NAME = "$(TARGET_NAME)";
				SWIFT_EMIT_LOC_STRINGS = YES;
				SWIFT_VERSION = 5.0;
				TARGETED_DEVICE_FAMILY = 1;
			};
			name = Release;
		};
/* End XCBuildConfiguration section */

/* Begin XCConfigurationList section */
		5419C596274547FA00EF446A /* Build configuration list for PBXProject "RakuItibaAPICollectionAPP" */ = {
			isa = XCConfigurationList;
			buildConfigurations = (
				5419C5AD274547FC00EF446A /* Debug */,
				5419C5AE274547FC00EF446A /* Release */,
			);
			defaultConfigurationIsVisible = 0;
			defaultConfigurationName = Release;
		};
		5419C5AF274547FC00EF446A /* Build configuration list for PBXNativeTarget "RakuItibaAPICollectionAPP" */ = {
			isa = XCConfigurationList;
			buildConfigurations = (
				5419C5B0274547FC00EF446A /* Debug */,
				5419C5B1274547FC00EF446A /* Release */,
			);
			defaultConfigurationIsVisible = 0;
			defaultConfigurationName = Release;
		};
/* End XCConfigurationList section */
	};
	rootObject = 5419C593274547FA00EF446A /* Project object */;
}
